// !$*UTF8*$!
{
	archiveVersion = 1;
	classes = {
	};
	objectVersion = 55;
	objects = {

/* Begin PBXBuildFile section */
		1F279DAD272FF28100F976FF /* AppDelegate.swift in Sources */ = {isa = PBXBuildFile; fileRef = 1F279DAC272FF28100F976FF /* AppDelegate.swift */; };
		1F279DAF272FF28100F976FF /* SceneDelegate.swift in Sources */ = {isa = PBXBuildFile; fileRef = 1F279DAE272FF28100F976FF /* SceneDelegate.swift */; };
		1F279DB4272FF28100F976FF /* Main.storyboard in Resources */ = {isa = PBXBuildFile; fileRef = 1F279DB2272FF28100F976FF /* Main.storyboard */; };
		1F279DB6272FF28200F976FF /* Assets.xcassets in Resources */ = {isa = PBXBuildFile; fileRef = 1F279DB5272FF28200F976FF /* Assets.xcassets */; };
		1F279DB9272FF28200F976FF /* LaunchScreen.storyboard in Resources */ = {isa = PBXBuildFile; fileRef = 1F279DB7272FF28200F976FF /* LaunchScreen.storyboard */; };
		1F279DC4272FF28200F976FF /* T1Tests.swift in Sources */ = {isa = PBXBuildFile; fileRef = 1F279DC3272FF28200F976FF /* T1Tests.swift */; };
		1F279DCE272FF28200F976FF /* T1UITests.swift in Sources */ = {isa = PBXBuildFile; fileRef = 1F279DCD272FF28200F976FF /* T1UITests.swift */; };
		1F279DD0272FF28200F976FF /* T1UITestsLaunchTests.swift in Sources */ = {isa = PBXBuildFile; fileRef = 1F279DCF272FF28200F976FF /* T1UITestsLaunchTests.swift */; };
		1F279DDF2730038B00F976FF /* TaskController.swift in Sources */ = {isa = PBXBuildFile; fileRef = 1F279DDE2730038B00F976FF /* TaskController.swift */; };
		1F279DE12730118700F976FF /* TableViewController.swift in Sources */ = {isa = PBXBuildFile; fileRef = 1F279DE02730118700F976FF /* TableViewController.swift */; };
		1F279DE3273012F500F976FF /* List.swift in Sources */ = {isa = PBXBuildFile; fileRef = 1F279DE2273012F500F976FF /* List.swift */; };
		1F279DE5273017CD00F976FF /* AddViewController.swift in Sources */ = {isa = PBXBuildFile; fileRef = 1F279DE4273017CD00F976FF /* AddViewController.swift */; };
/* End PBXBuildFile section */

/* Begin PBXContainerItemProxy section */
		1F279DC0272FF28200F976FF /* PBXContainerItemProxy */ = {
			isa = PBXContainerItemProxy;
			containerPortal = 1F279DA1272FF28100F976FF /* Project object */;
			proxyType = 1;
			remoteGlobalIDString = 1F279DA8272FF28100F976FF;
			remoteInfo = T1;
		};
		1F279DCA272FF28200F976FF /* PBXContainerItemProxy */ = {
			isa = PBXContainerItemProxy;
			containerPortal = 1F279DA1272FF28100F976FF /* Project object */;
			proxyType = 1;
			remoteGlobalIDString = 1F279DA8272FF28100F976FF;
			remoteInfo = T1;
		};
/* End PBXContainerItemProxy section */

/* Begin PBXFileReference section */
		1F279DA9272FF28100F976FF /* T1.app */ = {isa = PBXFileReference; explicitFileType = wrapper.application; includeInIndex = 0; path = T1.app; sourceTree = BUILT_PRODUCTS_DIR; };
		1F279DAC272FF28100F976FF /* AppDelegate.swift */ = {isa = PBXFileReference; lastKnownFileType = sourcecode.swift; path = AppDelegate.swift; sourceTree = "<group>"; };
		1F279DAE272FF28100F976FF /* SceneDelegate.swift */ = {isa = PBXFileReference; lastKnownFileType = sourcecode.swift; path = SceneDelegate.swift; sourceTree = "<group>"; };
		1F279DB3272FF28100F976FF /* Base */ = {isa = PBXFileReference; lastKnownFileType = file.storyboard; name = Base; path = Base.lproj/Main.storyboard; sourceTree = "<group>"; };
		1F279DB5272FF28200F976FF /* Assets.xcassets */ = {isa = PBXFileReference; lastKnownFileType = folder.assetcatalog; path = Assets.xcassets; sourceTree = "<group>"; };
		1F279DB8272FF28200F976FF /* Base */ = {isa = PBXFileReference; lastKnownFileType = file.storyboard; name = Base; path = Base.lproj/LaunchScreen.storyboard; sourceTree = "<group>"; };
		1F279DBA272FF28200F976FF /* Info.plist */ = {isa = PBXFileReference; lastKnownFileType = text.plist.xml; path = Info.plist; sourceTree = "<group>"; };
		1F279DBF272FF28200F976FF /* T1Tests.xctest */ = {isa = PBXFileReference; explicitFileType = wrapper.cfbundle; includeInIndex = 0; path = T1Tests.xctest; sourceTree = BUILT_PRODUCTS_DIR; };
		1F279DC3272FF28200F976FF /* T1Tests.swift */ = {isa = PBXFileReference; lastKnownFileType = sourcecode.swift; path = T1Tests.swift; sourceTree = "<group>"; };
		1F279DC9272FF28200F976FF /* T1UITests.xctest */ = {isa = PBXFileReference; explicitFileType = wrapper.cfbundle; includeInIndex = 0; path = T1UITests.xctest; sourceTree = BUILT_PRODUCTS_DIR; };
		1F279DCD272FF28200F976FF /* T1UITests.swift */ = {isa = PBXFileReference; lastKnownFileType = sourcecode.swift; path = T1UITests.swift; sourceTree = "<group>"; };
		1F279DCF272FF28200F976FF /* T1UITestsLaunchTests.swift */ = {isa = PBXFileReference; lastKnownFileType = sourcecode.swift; path = T1UITestsLaunchTests.swift; sourceTree = "<group>"; };
		1F279DDE2730038B00F976FF /* TaskController.swift */ = {isa = PBXFileReference; lastKnownFileType = sourcecode.swift; path = TaskController.swift; sourceTree = "<group>"; };
		1F279DE02730118700F976FF /* TableViewController.swift */ = {isa = PBXFileReference; lastKnownFileType = sourcecode.swift; path = TableViewController.swift; sourceTree = "<group>"; };
		1F279DE2273012F500F976FF /* List.swift */ = {isa = PBXFileReference; lastKnownFileType = sourcecode.swift; path = List.swift; sourceTree = "<group>"; };
		1F279DE4273017CD00F976FF /* AddViewController.swift */ = {isa = PBXFileReference; lastKnownFileType = sourcecode.swift; path = AddViewController.swift; sourceTree = "<group>"; };
/* End PBXFileReference section */

/* Begin PBXFrameworksBuildPhase section */
		1F279DA6272FF28100F976FF /* Frameworks */ = {
			isa = PBXFrameworksBuildPhase;
			buildActionMask = 2147483647;
			files = (
			);
			runOnlyForDeploymentPostprocessing = 0;
		};
		1F279DBC272FF28200F976FF /* Frameworks */ = {
			isa = PBXFrameworksBuildPhase;
			buildActionMask = 2147483647;
			files = (
			);
			runOnlyForDeploymentPostprocessing = 0;
		};
		1F279DC6272FF28200F976FF /* Frameworks */ = {
			isa = PBXFrameworksBuildPhase;
			buildActionMask = 2147483647;
			files = (
			);
			runOnlyForDeploymentPostprocessing = 0;
		};
/* End PBXFrameworksBuildPhase section */

/* Begin PBXGroup section */
		1F279DA0272FF28100F976FF = {
			isa = PBXGroup;
			children = (
				1F279DAB272FF28100F976FF /* T1 */,
				1F279DC2272FF28200F976FF /* T1Tests */,
				1F279DCC272FF28200F976FF /* T1UITests */,
				1F279DAA272FF28100F976FF /* Products */,
			);
			sourceTree = "<group>";
		};
		1F279DAA272FF28100F976FF /* Products */ = {
			isa = PBXGroup;
			children = (
				1F279DA9272FF28100F976FF /* T1.app */,
				1F279DBF272FF28200F976FF /* T1Tests.xctest */,
				1F279DC9272FF28200F976FF /* T1UITests.xctest */,
			);
			name = Products;
			sourceTree = "<group>";
		};
		1F279DAB272FF28100F976FF /* T1 */ = {
			isa = PBXGroup;
			children = (
				1F279DAC272FF28100F976FF /* AppDelegate.swift */,
				1F279DAE272FF28100F976FF /* SceneDelegate.swift */,
				1F279DB2272FF28100F976FF /* Main.storyboard */,
				1F279DE4273017CD00F976FF /* AddViewController.swift */,
				1F279DDE2730038B00F976FF /* TaskController.swift */,
				1F279DE02730118700F976FF /* TableViewController.swift */,
				1F279DB5272FF28200F976FF /* Assets.xcassets */,
				1F279DB7272FF28200F976FF /* LaunchScreen.storyboard */,
				1F279DBA272FF28200F976FF /* Info.plist */,
				1F279DE2273012F500F976FF /* List.swift */,
			);
			path = T1;
			sourceTree = "<group>";
		};
		1F279DC2272FF28200F976FF /* T1Tests */ = {
			isa = PBXGroup;
			children = (
				1F279DC3272FF28200F976FF /* T1Tests.swift */,
			);
			path = T1Tests;
			sourceTree = "<group>";
		};
		1F279DCC272FF28200F976FF /* T1UITests */ = {
			isa = PBXGroup;
			children = (
				1F279DCD272FF28200F976FF /* T1UITests.swift */,
				1F279DCF272FF28200F976FF /* T1UITestsLaunchTests.swift */,
			);
			path = T1UITests;
			sourceTree = "<group>";
		};
/* End PBXGroup section */

/* Begin PBXNativeTarget section */
		1F279DA8272FF28100F976FF /* T1 */ = {
			isa = PBXNativeTarget;
			buildConfigurationList = 1F279DD3272FF28200F976FF /* Build configuration list for PBXNativeTarget "T1" */;
			buildPhases = (
				1F279DA5272FF28100F976FF /* Sources */,
				1F279DA6272FF28100F976FF /* Frameworks */,
				1F279DA7272FF28100F976FF /* Resources */,
			);
			buildRules = (
			);
			dependencies = (
			);
			name = T1;
			productName = T1;
			productReference = 1F279DA9272FF28100F976FF /* T1.app */;
			productType = "com.apple.product-type.application";
		};
		1F279DBE272FF28200F976FF /* T1Tests */ = {
			isa = PBXNativeTarget;
			buildConfigurationList = 1F279DD6272FF28200F976FF /* Build configuration list for PBXNativeTarget "T1Tests" */;
			buildPhases = (
				1F279DBB272FF28200F976FF /* Sources */,
				1F279DBC272FF28200F976FF /* Frameworks */,
				1F279DBD272FF28200F976FF /* Resources */,
			);
			buildRules = (
			);
			dependencies = (
				1F279DC1272FF28200F976FF /* PBXTargetDependency */,
			);
			name = T1Tests;
			productName = T1Tests;
			productReference = 1F279DBF272FF28200F976FF /* T1Tests.xctest */;
			productType = "com.apple.product-type.bundle.unit-test";
		};
		1F279DC8272FF28200F976FF /* T1UITests */ = {
			isa = PBXNativeTarget;
			buildConfigurationList = 1F279DD9272FF28200F976FF /* Build configuration list for PBXNativeTarget "T1UITests" */;
			buildPhases = (
				1F279DC5272FF28200F976FF /* Sources */,
				1F279DC6272FF28200F976FF /* Frameworks */,
				1F279DC7272FF28200F976FF /* Resources */,
			);
			buildRules = (
			);
			dependencies = (
				1F279DCB272FF28200F976FF /* PBXTargetDependency */,
			);
			name = T1UITests;
			productName = T1UITests;
			productReference = 1F279DC9272FF28200F976FF /* T1UITests.xctest */;
			productType = "com.apple.product-type.bundle.ui-testing";
		};
/* End PBXNativeTarget section */

/* Begin PBXProject section */
		1F279DA1272FF28100F976FF /* Project object */ = {
			isa = PBXProject;
			attributes = {
				BuildIndependentTargetsInParallel = 1;
				LastSwiftUpdateCheck = 1300;
				LastUpgradeCheck = 1300;
				TargetAttributes = {
					1F279DA8272FF28100F976FF = {
						CreatedOnToolsVersion = 13.0;
					};
					1F279DBE272FF28200F976FF = {
						CreatedOnToolsVersion = 13.0;
						TestTargetID = 1F279DA8272FF28100F976FF;
					};
					1F279DC8272FF28200F976FF = {
						CreatedOnToolsVersion = 13.0;
						TestTargetID = 1F279DA8272FF28100F976FF;
					};
				};
			};
			buildConfigurationList = 1F279DA4272FF28100F976FF /* Build configuration list for PBXProject "T1" */;
			compatibilityVersion = "Xcode 13.0";
			developmentRegion = en;
			hasScannedForEncodings = 0;
			knownRegions = (
				en,
				Base,
			);
			mainGroup = 1F279DA0272FF28100F976FF;
			productRefGroup = 1F279DAA272FF28100F976FF /* Products */;
			projectDirPath = "";
			projectRoot = "";
			targets = (
				1F279DA8272FF28100F976FF /* T1 */,
				1F279DBE272FF28200F976FF /* T1Tests */,
				1F279DC8272FF28200F976FF /* T1UITests */,
			);
		};
/* End PBXProject section */

/* Begin PBXResourcesBuildPhase section */
		1F279DA7272FF28100F976FF /* Resources */ = {
			isa = PBXResourcesBuildPhase;
			buildActionMask = 2147483647;
			files = (
				1F279DB9272FF28200F976FF /* LaunchScreen.storyboard in Resources */,
				1F279DB6272FF28200F976FF /* Assets.xcassets in Resources */,
				1F279DB4272FF28100F976FF /* Main.storyboard in Resources */,
			);
			runOnlyForDeploymentPostprocessing = 0;
		};
		1F279DBD272FF28200F976FF /* Resources */ = {
			isa = PBXResourcesBuildPhase;
			buildActionMask = 2147483647;
			files = (
			);
			runOnlyForDeploymentPostprocessing = 0;
		};
		1F279DC7272FF28200F976FF /* Resources */ = {
			isa = PBXResourcesBuildPhase;
			buildActionMask = 2147483647;
			files = (
			);
			runOnlyForDeploymentPostprocessing = 0;
		};
/* End PBXResourcesBuildPhase section */

/* Begin PBXSourcesBuildPhase section */
		1F279DA5272FF28100F976FF /* Sources */ = {
			isa = PBXSourcesBuildPhase;
			buildActionMask = 2147483647;
			files = (
				1F279DAD272FF28100F976FF /* AppDelegate.swift in Sources */,
				1F279DDF2730038B00F976FF /* TaskController.swift in Sources */,
				1F279DE5273017CD00F976FF /* AddViewController.swift in Sources */,
				1F279DAF272FF28100F976FF /* SceneDelegate.swift in Sources */,
				1F279DE3273012F500F976FF /* List.swift in Sources */,
				1F279DE12730118700F976FF /* TableViewController.swift in Sources */,
			);
			runOnlyForDeploymentPostprocessing = 0;
		};
		1F279DBB272FF28200F976FF /* Sources */ = {
			isa = PBXSourcesBuildPhase;
			buildActionMask = 2147483647;
			files = (
				1F279DC4272FF28200F976FF /* T1Tests.swift in Sources */,
			);
			runOnlyForDeploymentPostprocessing = 0;
		};
		1F279DC5272FF28200F976FF /* Sources */ = {
			isa = PBXSourcesBuildPhase;
			buildActionMask = 2147483647;
			files = (
				1F279DCE272FF28200F976FF /* T1UITests.swift in Sources */,
				1F279DD0272FF28200F976FF /* T1UITestsLaunchTests.swift in Sources */,
			);
			runOnlyForDeploymentPostprocessing = 0;
		};
/* End PBXSourcesBuildPhase section */

/* Begin PBXTargetDependency section */
		1F279DC1272FF28200F976FF /* PBXTargetDependency */ = {
			isa = PBXTargetDependency;
			target = 1F279DA8272FF28100F976FF /* T1 */;
			targetProxy = 1F279DC0272FF28200F976FF /* PBXContainerItemProxy */;
		};
		1F279DCB272FF28200F976FF /* PBXTargetDependency */ = {
			isa = PBXTargetDependency;
			target = 1F279DA8272FF28100F976FF /* T1 */;
			targetProxy = 1F279DCA272FF28200F976FF /* PBXContainerItemProxy */;
		};
/* End PBXTargetDependency section */

/* Begin PBXVariantGroup section */
		1F279DB2272FF28100F976FF /* Main.storyboard */ = {
			isa = PBXVariantGroup;
			children = (
				1F279DB3272FF28100F976FF /* Base */,
			);
			name = Main.storyboard;
			sourceTree = "<group>";
		};
		1F279DB7272FF28200F976FF /* LaunchScreen.storyboard */ = {
			isa = PBXVariantGroup;
			children = (
				1F279DB8272FF28200F976FF /* Base */,
			);
			name = LaunchScreen.storyboard;
			sourceTree = "<group>";
		};
/* End PBXVariantGroup section */

/* Begin XCBuildConfiguration section */
		1F279DD1272FF28200F976FF /* Debug */ = {
			isa = XCBuildConfiguration;
			buildSettings = {
				ALWAYS_SEARCH_USER_PATHS = NO;
				CLANG_ANALYZER_NONNULL = YES;
				CLANG_ANALYZER_NUMBER_OBJECT_CONVERSION = YES_AGGRESSIVE;
				CLANG_CXX_LANGUAGE_STANDARD = "gnu++17";
				CLANG_CXX_LIBRARY = "libc++";
				CLANG_ENABLE_MODULES = YES;
				CLANG_ENABLE_OBJC_ARC = YES;
				CLANG_ENABLE_OBJC_WEAK = YES;
				CLANG_WARN_BLOCK_CAPTURE_AUTORELEASING = YES;
				CLANG_WARN_BOOL_CONVERSION = YES;
				CLANG_WARN_COMMA = YES;
				CLANG_WARN_CONSTANT_CONVERSION = YES;
				CLANG_WARN_DEPRECATED_OBJC_IMPLEMENTATIONS = YES;
				CLANG_WARN_DIRECT_OBJC_ISA_USAGE = YES_ERROR;
				CLANG_WARN_DOCUMENTATION_COMMENTS = YES;
				CLANG_WARN_EMPTY_BODY = YES;
				CLANG_WARN_ENUM_CONVERSION = YES;
				CLANG_WARN_INFINITE_RECURSION = YES;
				CLANG_WARN_INT_CONVERSION = YES;
				CLANG_WARN_NON_LITERAL_NULL_CONVERSION = YES;
				CLANG_WARN_OBJC_IMPLICIT_RETAIN_SELF = YES;
				CLANG_WARN_OBJC_LITERAL_CONVERSION = YES;
				CLANG_WARN_OBJC_ROOT_CLASS = YES_ERROR;
				CLANG_WARN_QUOTED_INCLUDE_IN_FRAMEWORK_HEADER = YES;
				CLANG_WARN_RANGE_LOOP_ANALYSIS = YES;
				CLANG_WARN_STRICT_PROTOTYPES = YES;
				CLANG_WARN_SUSPICIOUS_MOVE = YES;
				CLANG_WARN_UNGUARDED_AVAILABILITY = YES_AGGRESSIVE;
				CLANG_WARN_UNREACHABLE_CODE = YES;
				CLANG_WARN__DUPLICATE_METHOD_MATCH = YES;
				COPY_PHASE_STRIP = NO;
				DEBUG_INFORMATION_FORMAT = dwarf;
				ENABLE_STRICT_OBJC_MSGSEND = YES;
				ENABLE_TESTABILITY = YES;
				GCC_C_LANGUAGE_STANDARD = gnu11;
				GCC_DYNAMIC_NO_PIC = NO;
				GCC_NO_COMMON_BLOCKS = YES;
				GCC_OPTIMIZATION_LEVEL = 0;
				GCC_PREPROCESSOR_DEFINITIONS = (
					"DEBUG=1",
					"$(inherited)",
				);
				GCC_WARN_64_TO_32_BIT_CONVERSION = YES;
				GCC_WARN_ABOUT_RETURN_TYPE = YES_ERROR;
				GCC_WARN_UNDECLARED_SELECTOR = YES;
				GCC_WARN_UNINITIALIZED_AUTOS = YES_AGGRESSIVE;
				GCC_WARN_UNUSED_FUNCTION = YES;
				GCC_WARN_UNUSED_VARIABLE = YES;
				IPHONEOS_DEPLOYMENT_TARGET = 15.0;
				MTL_ENABLE_DEBUG_INFO = INCLUDE_SOURCE;
				MTL_FAST_MATH = YES;
				ONLY_ACTIVE_ARCH = YES;
				SDKROOT = iphoneos;
				SWIFT_ACTIVE_COMPILATION_CONDITIONS = DEBUG;
				SWIFT_OPTIMIZATION_LEVEL = "-Onone";
			};
			name = Debug;
		};
		1F279DD2272FF28200F976FF /* Release */ = {
			isa = XCBuildConfiguration;
			buildSettings = {
				ALWAYS_SEARCH_USER_PATHS = NO;
				CLANG_ANALYZER_NONNULL = YES;
				CLANG_ANALYZER_NUMBER_OBJECT_CONVERSION = YES_AGGRESSIVE;
				CLANG_CXX_LANGUAGE_STANDARD = "gnu++17";
				CLANG_CXX_LIBRARY = "libc++";
				CLANG_ENABLE_MODULES = YES;
				CLANG_ENABLE_OBJC_ARC = YES;
				CLANG_ENABLE_OBJC_WEAK = YES;
				CLANG_WARN_BLOCK_CAPTURE_AUTORELEASING = YES;
				CLANG_WARN_BOOL_CONVERSION = YES;
				CLANG_WARN_COMMA = YES;
				CLANG_WARN_CONSTANT_CONVERSION = YES;
				CLANG_WARN_DEPRECATED_OBJC_IMPLEMENTATIONS = YES;
				CLANG_WARN_DIRECT_OBJC_ISA_USAGE = YES_ERROR;
				CLANG_WARN_DOCUMENTATION_COMMENTS = YES;
				CLANG_WARN_EMPTY_BODY = YES;
				CLANG_WARN_ENUM_CONVERSION = YES;
				CLANG_WARN_INFINITE_RECURSION = YES;
				CLANG_WARN_INT_CONVERSION = YES;
				CLANG_WARN_NON_LITERAL_NULL_CONVERSION = YES;
				CLANG_WARN_OBJC_IMPLICIT_RETAIN_SELF = YES;
				CLANG_WARN_OBJC_LITERAL_CONVERSION = YES;
				CLANG_WARN_OBJC_ROOT_CLASS = YES_ERROR;
				CLANG_WARN_QUOTED_INCLUDE_IN_FRAMEWORK_HEADER = YES;
				CLANG_WARN_RANGE_LOOP_ANALYSIS = YES;
				CLANG_WARN_STRICT_PROTOTYPES = YES;
				CLANG_WARN_SUSPICIOUS_MOVE = YES;
				CLANG_WARN_UNGUARDED_AVAILABILITY = YES_AGGRESSIVE;
				CLANG_WARN_UNREACHABLE_CODE = YES;
				CLANG_WARN__DUPLICATE_METHOD_MATCH = YES;
				COPY_PHASE_STRIP = NO;
				DEBUG_INFORMATION_FORMAT = "dwarf-with-dsym";
				ENABLE_NS_ASSERTIONS = NO;
				ENABLE_STRICT_OBJC_MSGSEND = YES;
				GCC_C_LANGUAGE_STANDARD = gnu11;
				GCC_NO_COMMON_BLOCKS = YES;
				GCC_WARN_64_TO_32_BIT_CONVERSION = YES;
				GCC_WARN_ABOUT_RETURN_TYPE = YES_ERROR;
				GCC_WARN_UNDECLARED_SELECTOR = YES;
				GCC_WARN_UNINITIALIZED_AUTOS = YES_AGGRESSIVE;
				GCC_WARN_UNUSED_FUNCTION = YES;
				GCC_WARN_UNUSED_VARIABLE = YES;
				IPHONEOS_DEPLOYMENT_TARGET = 15.0;
				MTL_ENABLE_DEBUG_INFO = NO;
				MTL_FAST_MATH = YES;
				SDKROOT = iphoneos;
				SWIFT_COMPILATION_MODE = wholemodule;
				SWIFT_OPTIMIZATION_LEVEL = "-O";
				VALIDATE_PRODUCT = YES;
			};
			name = Release;
		};
		1F279DD4272FF28200F976FF /* Debug */ = {
			isa = XCBuildConfiguration;
			buildSettings = {
				ASSETCATALOG_COMPILER_APPICON_NAME = AppIcon;
				ASSETCATALOG_COMPILER_GLOBAL_ACCENT_COLOR_NAME = AccentColor;
				CODE_SIGN_STYLE = Automatic;
				CURRENT_PROJECT_VERSION = 1;
				GENERATE_INFOPLIST_FILE = YES;
				INFOPLIST_FILE = T1/Info.plist;
				INFOPLIST_KEY_UIApplicationSupportsIndirectInputEvents = YES;
				INFOPLIST_KEY_UILaunchStoryboardName = LaunchScreen;
				INFOPLIST_KEY_UIMainStoryboardFile = Main;
				INFOPLIST_KEY_UISupportedInterfaceOrientations_iPad = "UIInterfaceOrientationPortrait UIInterfaceOrientationPortraitUpsideDown UIInterfaceOrientationLandscapeLeft UIInterfaceOrientationLandscapeRight";
				INFOPLIST_KEY_UISupportedInterfaceOrientations_iPhone = "UIInterfaceOrientationPortrait UIInterfaceOrientationLandscapeLeft UIInterfaceOrientationLandscapeRight";
				LD_RUNPATH_SEARCH_PATHS = (
					"$(inherited)",
					"@executable_path/Frameworks",
				);
				MARKETING_VERSION = 1.0;
				PRODUCT_BUNDLE_IDENTIFIER = con.google.T1;
				PRODUCT_NAME = "$(TARGET_NAME)";
				SWIFT_EMIT_LOC_STRINGS = YES;
				SWIFT_VERSION = 5.0;
				TARGETED_DEVICE_FAMILY = "1,2";
			};
			name = Debug;
		};
		1F279DD5272FF28200F976FF /* Release */ = {
			isa = XCBuildConfiguration;
			buildSettings = {
				ASSETCATALOG_COMPILER_APPICON_NAME = AppIcon;
				ASSETCATALOG_COMPILER_GLOBAL_ACCENT_COLOR_NAME = AccentColor;
				CODE_SIGN_STYLE = Automatic;
				CURRENT_PROJECT_VERSION = 1;
				GENERATE_INFOPLIST_FILE = YES;
				INFOPLIST_FILE = T1/Info.plist;
				INFOPLIST_KEY_UIApplicationSupportsIndirectInputEvents = YES;
				INFOPLIST_KEY_UILaunchStoryboardName = LaunchScreen;
				INFOPLIST_KEY_UIMainStoryboardFile = Main;
				INFOPLIST_KEY_UISupportedInterfaceOrientations_iPad = "UIInterfaceOrientationPortrait UIInterfaceOrientationPortraitUpsideDown UIInterfaceOrientationLandscapeLeft UIInterfaceOrientationLandscapeRight";
				INFOPLIST_KEY_UISupportedInterfaceOrientations_iPhone = "UIInterfaceOrientationPortrait UIInterfaceOrientationLandscapeLeft UIInterfaceOrientationLandscapeRight";
				LD_RUNPATH_SEARCH_PATHS = (
					"$(inherited)",
					"@executable_path/Frameworks",
				);
				MARKETING_VERSION = 1.0;
				PRODUCT_BUNDLE_IDENTIFIER = con.google.T1;
				PRODUCT_NAME = "$(TARGET_NAME)";
				SWIFT_EMIT_LOC_STRINGS = YES;
				SWIFT_VERSION = 5.0;
				TARGETED_DEVICE_FAMILY = "1,2";
			};
			name = Release;
		};
		1F279DD7272FF28200F976FF /* Debug */ = {
			isa = XCBuildConfiguration;
			buildSettings = {
				ALWAYS_EMBED_SWIFT_STANDARD_LIBRARIES = YES;
				BUNDLE_LOADER = "$(TEST_HOST)";
				CODE_SIGN_STYLE = Automatic;
				CURRENT_PROJECT_VERSION = 1;
				GENERATE_INFOPLIST_FILE = YES;
				IPHONEOS_DEPLOYMENT_TARGET = 15.0;
				LD_RUNPATH_SEARCH_PATHS = (
					"$(inherited)",
					"@executable_path/Frameworks",
					"@loader_path/Frameworks",
				);
				MARKETING_VERSION = 1.0;
				PRODUCT_BUNDLE_IDENTIFIER = con.google.T1Tests;
				PRODUCT_NAME = "$(TARGET_NAME)";
				SWIFT_EMIT_LOC_STRINGS = NO;
				SWIFT_VERSION = 5.0;
				TARGETED_DEVICE_FAMILY = "1,2";
				TEST_HOST = "$(BUILT_PRODUCTS_DIR)/T1.app/T1";
			};
			name = Debug;
		};
		1F279DD8272FF28200F976FF /* Release */ = {
			isa = XCBuildConfiguration;
			buildSettings = {
				ALWAYS_EMBED_SWIFT_STANDARD_LIBRARIES = YES;
				BUNDLE_LOADER = "$(TEST_HOST)";
				CODE_SIGN_STYLE = Automatic;
				CURRENT_PROJECT_VERSION = 1;
				GENERATE_INFOPLIST_FILE = YES;
				IPHONEOS_DEPLOYMENT_TARGET = 15.0;
				LD_RUNPATH_SEARCH_PATHS = (
					"$(inherited)",
					"@executable_path/Frameworks",
					"@loader_path/Frameworks",
				);
				MARKETING_VERSION = 1.0;
				PRODUCT_BUNDLE_IDENTIFIER = con.google.T1Tests;
				PRODUCT_NAME = "$(TARGET_NAME)";
				SWIFT_EMIT_LOC_STRINGS = NO;
				SWIFT_VERSION = 5.0;
				TARGETED_DEVICE_FAMILY = "1,2";
				TEST_HOST = "$(BUILT_PRODUCTS_DIR)/T1.app/T1";
			};
			name = Release;
		};
		1F279DDA272FF28200F976FF /* Debug */ = {
			isa = XCBuildConfiguration;
			buildSettings = {
				ALWAYS_EMBED_SWIFT_STANDARD_LIBRARIES = YES;
				CODE_SIGN_STYLE = Automatic;
				CURRENT_PROJECT_VERSION = 1;
				GENERATE_INFOPLIST_FILE = YES;
				LD_RUNPATH_SEARCH_PATHS = (
					"$(inherited)",
					"@executable_path/Frameworks",
					"@loader_path/Frameworks",
				);
				MARKETING_VERSION = 1.0;
				PRODUCT_BUNDLE_IDENTIFIER = con.google.T1UITests;
				PRODUCT_NAME = "$(TARGET_NAME)";
				SWIFT_EMIT_LOC_STRINGS = NO;
				SWIFT_VERSION = 5.0;
				TARGETED_DEVICE_FAMILY = "1,2";
				TEST_TARGET_NAME = T1;
			};
			name = Debug;
		};
		1F279DDB272FF28200F976FF /* Release */ = {
			isa = XCBuildConfiguration;
			buildSettings = {
				ALWAYS_EMBED_SWIFT_STANDARD_LIBRARIES = YES;
				CODE_SIGN_STYLE = Automatic;
				CURRENT_PROJECT_VERSION = 1;
				GENERATE_INFOPLIST_FILE = YES;
				LD_RUNPATH_SEARCH_PATHS = (
					"$(inherited)",
					"@executable_path/Frameworks",
					"@loader_path/Frameworks",
				);
				MARKETING_VERSION = 1.0;
				PRODUCT_BUNDLE_IDENTIFIER = con.google.T1UITests;
				PRODUCT_NAME = "$(TARGET_NAME)";
				SWIFT_EMIT_LOC_STRINGS = NO;
				SWIFT_VERSION = 5.0;
				TARGETED_DEVICE_FAMILY = "1,2";
				TEST_TARGET_NAME = T1;
			};
			name = Release;
		};
/* End XCBuildConfiguration section */

/* Begin XCConfigurationList section */
		1F279DA4272FF28100F976FF /* Build configuration list for PBXProject "T1" */ = {
			isa = XCConfigurationList;
			buildConfigurations = (
				1F279DD1272FF28200F976FF /* Debug */,
				1F279DD2272FF28200F976FF /* Release */,
			);
			defaultConfigurationIsVisible = 0;
			defaultConfigurationName = Release;
		};
		1F279DD3272FF28200F976FF /* Build configuration list for PBXNativeTarget "T1" */ = {
			isa = XCConfigurationList;
			buildConfigurations = (
				1F279DD4272FF28200F976FF /* Debug */,
				1F279DD5272FF28200F976FF /* Release */,
			);
			defaultConfigurationIsVisible = 0;
			defaultConfigurationName = Release;
		};
		1F279DD6272FF28200F976FF /* Build configuration list for PBXNativeTarget "T1Tests" */ = {
			isa = XCConfigurationList;
			buildConfigurations = (
				1F279DD7272FF28200F976FF /* Debug */,
				1F279DD8272FF28200F976FF /* Release */,
			);
			defaultConfigurationIsVisible = 0;
			defaultConfigurationName = Release;
		};
		1F279DD9272FF28200F976FF /* Build configuration list for PBXNativeTarget "T1UITests" */ = {
			isa = XCConfigurationList;
			buildConfigurations = (
				1F279DDA272FF28200F976FF /* Debug */,
				1F279DDB272FF28200F976FF /* Release */,
			);
			defaultConfigurationIsVisible = 0;
			defaultConfigurationName = Release;
		};
/* End XCConfigurationList section */
	};
	rootObject = 1F279DA1272FF28100F976FF /* Project object */;
}
